{
  "name": "fh-js-sdk",
  "version": "2.14.5",
  "dependencies": {
    "browserify-shim": {
      "version": "3.3.2",
      "from": "browserify-shim@3.3.2",
      "resolved": "https://registry.npmjs.org/browserify-shim/-/browserify-shim-3.3.2.tgz",
      "dependencies": {
        "through": {
          "version": "2.3.8",
          "from": "through@>=2.3.4 <2.4.0",
          "resolved": "https://registry.npmjs.org/through/-/through-2.3.8.tgz"
        },
        "resolve": {
          "version": "0.6.3",
          "from": "resolve@>=0.6.1 <0.7.0",
          "resolved": "https://registry.npmjs.org/resolve/-/resolve-0.6.3.tgz"
        },
        "exposify": {
          "version": "0.1.5",
          "from": "exposify@>=0.1.2 <0.2.0",
          "resolved": "https://registry.npmjs.org/exposify/-/exposify-0.1.5.tgz",
          "dependencies": {
            "detective": {
              "version": "2.3.0",
              "from": "detective@>=2.3.0 <2.4.0",
              "resolved": "https://registry.npmjs.org/detective/-/detective-2.3.0.tgz",
              "dependencies": {
                "esprima": {
                  "version": "1.0.2",
                  "from": "esprima@1.0.2",
                  "resolved": "https://registry.npmjs.org/esprima/-/esprima-1.0.2.tgz"
                },
                "escodegen": {
                  "version": "0.0.15",
                  "from": "escodegen@0.0.15",
                  "resolved": "https://registry.npmjs.org/escodegen/-/escodegen-0.0.15.tgz",
                  "dependencies": {
                    "source-map": {
                      "version": "0.5.3",
                      "from": "source-map@>=0.1.2",
                      "resolved": "http://registry.npmjs.org/source-map/-/source-map-0.5.3.tgz"
                    }
                  }
                }
              }
            },
            "has-require": {
              "version": "1.1.0",
              "from": "has-require@>=1.1.0 <1.2.0",
              "resolved": "https://registry.npmjs.org/has-require/-/has-require-1.1.0.tgz"
            },
            "transformify": {
              "version": "0.1.2",
              "from": "transformify@>=0.1.1 <0.2.0",
              "resolved": "https://registry.npmjs.org/transformify/-/transformify-0.1.2.tgz",
              "dependencies": {
                "readable-stream": {
                  "version": "1.1.14",
                  "from": "readable-stream@>=1.1.9 <1.2.0",
                  "resolved": "https://registry.npmjs.org/readable-stream/-/readable-stream-1.1.14.tgz",
                  "dependencies": {
                    "core-util-is": {
                      "version": "1.0.2",
                      "from": "core-util-is@>=1.0.0 <1.1.0",
                      "resolved": "http://registry.npmjs.org/core-util-is/-/core-util-is-1.0.2.tgz"
                    },
                    "isarray": {
                      "version": "0.0.1",
                      "from": "isarray@0.0.1",
                      "resolved": "http://registry.npmjs.org/isarray/-/isarray-0.0.1.tgz"
                    },
                    "string_decoder": {
                      "version": "0.10.31",
                      "from": "string_decoder@>=0.10.0 <0.11.0",
                      "resolved": "https://registry.npmjs.org/string_decoder/-/string_decoder-0.10.31.tgz"
                    },
                    "inherits": {
                      "version": "2.0.1",
                      "from": "inherits@>=2.0.1 <2.1.0",
                      "resolved": "https://registry.npmjs.org/inherits/-/inherits-2.0.1.tgz"
                    }
                  }
                }
              }
            }
          }
        },
        "readdirp": {
          "version": "0.3.3",
          "from": "readdirp@>=0.3.3 <0.4.0",
          "resolved": "https://registry.npmjs.org/readdirp/-/readdirp-0.3.3.tgz",
          "dependencies": {
            "graceful-fs": {
              "version": "2.0.3",
              "from": "graceful-fs@>=2.0.0 <2.1.0",
              "resolved": "https://registry.npmjs.org/graceful-fs/-/graceful-fs-2.0.3.tgz"
            },
            "minimatch": {
              "version": "0.2.14",
              "from": "minimatch@>=0.2.12 <0.3.0",
              "resolved": "https://registry.npmjs.org/minimatch/-/minimatch-0.2.14.tgz",
              "dependencies": {
                "lru-cache": {
                  "version": "2.7.3",
                  "from": "lru-cache@>=2.0.0 <3.0.0",
                  "resolved": "https://registry.npmjs.org/lru-cache/-/lru-cache-2.7.3.tgz"
                },
                "sigmund": {
                  "version": "1.0.1",
                  "from": "sigmund@>=1.0.0 <1.1.0",
                  "resolved": "https://registry.npmjs.org/sigmund/-/sigmund-1.0.1.tgz"
                }
              }
            }
          }
        },
        "through2": {
          "version": "0.4.2",
          "from": "through2@>=0.4.1 <0.5.0",
          "resolved": "https://registry.npmjs.org/through2/-/through2-0.4.2.tgz",
          "dependencies": {
            "readable-stream": {
              "version": "1.0.34",
              "from": "readable-stream@>=1.0.17 <1.1.0",
              "resolved": "https://registry.npmjs.org/readable-stream/-/readable-stream-1.0.34.tgz",
              "dependencies": {
                "core-util-is": {
                  "version": "1.0.2",
                  "from": "core-util-is@>=1.0.0 <1.1.0",
                  "resolved": "http://registry.npmjs.org/core-util-is/-/core-util-is-1.0.2.tgz"
                },
                "isarray": {
                  "version": "0.0.1",
                  "from": "isarray@0.0.1",
                  "resolved": "http://registry.npmjs.org/isarray/-/isarray-0.0.1.tgz"
                },
                "string_decoder": {
                  "version": "0.10.31",
                  "from": "string_decoder@>=0.10.0 <0.11.0",
                  "resolved": "https://registry.npmjs.org/string_decoder/-/string_decoder-0.10.31.tgz"
                },
                "inherits": {
                  "version": "2.0.1",
                  "from": "inherits@>=2.0.1 <2.1.0",
                  "resolved": "https://registry.npmjs.org/inherits/-/inherits-2.0.1.tgz"
                }
              }
            },
            "xtend": {
              "version": "2.1.2",
              "from": "xtend@>=2.1.1 <2.2.0",
              "resolved": "https://registry.npmjs.org/xtend/-/xtend-2.1.2.tgz",
              "dependencies": {
                "object-keys": {
                  "version": "0.4.0",
                  "from": "object-keys@>=0.4.0 <0.5.0",
                  "resolved": "https://registry.npmjs.org/object-keys/-/object-keys-0.4.0.tgz"
                }
              }
            }
          }
        },
        "mothership": {
          "version": "0.1.0",
          "from": "mothership@>=0.1.0 <0.2.0",
          "resolved": "https://registry.npmjs.org/mothership/-/mothership-0.1.0.tgz",
          "dependencies": {
            "find-parent-dir": {
              "version": "0.2.1",
              "from": "find-parent-dir@>=0.2.1 <0.3.0",
              "resolved": "https://registry.npmjs.org/find-parent-dir/-/find-parent-dir-0.2.1.tgz"
            }
          }
        },
        "rename-function-calls": {
          "version": "0.1.1",
          "from": "rename-function-calls@>=0.1.0 <0.2.0",
          "resolved": "https://registry.npmjs.org/rename-function-calls/-/rename-function-calls-0.1.1.tgz",
          "dependencies": {
            "detective": {
              "version": "3.1.0",
              "from": "detective@>=3.1.0 <3.2.0",
              "resolved": "https://registry.npmjs.org/detective/-/detective-3.1.0.tgz",
              "dependencies": {
                "escodegen": {
                  "version": "1.1.0",
                  "from": "escodegen@>=1.1.0 <1.2.0",
                  "resolved": "https://registry.npmjs.org/escodegen/-/escodegen-1.1.0.tgz",
                  "dependencies": {
                    "esprima": {
                      "version": "1.0.4",
                      "from": "esprima@>=1.0.4 <1.1.0",
                      "resolved": "https://registry.npmjs.org/esprima/-/esprima-1.0.4.tgz"
                    },
                    "estraverse": {
                      "version": "1.5.1",
                      "from": "estraverse@>=1.5.0 <1.6.0",
                      "resolved": "https://registry.npmjs.org/estraverse/-/estraverse-1.5.1.tgz"
                    },
                    "esutils": {
                      "version": "1.0.0",
                      "from": "esutils@>=1.0.0 <1.1.0",
                      "resolved": "https://registry.npmjs.org/esutils/-/esutils-1.0.0.tgz"
                    },
                    "source-map": {
                      "version": "0.1.43",
                      "from": "source-map@>=0.1.30 <0.2.0",
                      "resolved": "http://registry.npmjs.org/source-map/-/source-map-0.1.43.tgz",
                      "dependencies": {
                        "amdefine": {
                          "version": "1.0.0",
                          "from": "amdefine@>=0.0.4",
                          "resolved": "https://registry.npmjs.org/amdefine/-/amdefine-1.0.0.tgz"
                        }
                      }
                    }
                  }
                },
                "esprima-fb": {
                  "version": "3001.1.0-dev-harmony-fb",
                  "from": "esprima-fb@3001.1.0-dev-harmony-fb",
                  "resolved": "https://registry.npmjs.org/esprima-fb/-/esprima-fb-3001.0001.0000-dev-harmony-fb.tgz"
                }
              }
            }
          }
        }
      }
    },
    "loglevel": {
      "version": "0.6.0",
      "from": "loglevel@>=0.6.0 <0.7.0",
      "resolved": "https://registry.npmjs.org/loglevel/-/loglevel-0.6.0.tgz"
    },
    "process": {
      "version": "0.6.0",
      "from": "process@>=0.6.0 <0.7.0",
      "resolved": "https://registry.npmjs.org/process/-/process-0.6.0.tgz"
    },
    "type-of": {
      "version": "2.0.1",
      "from": "type-of@>=2.0.1 <2.1.0",
      "resolved": "https://registry.npmjs.org/type-of/-/type-of-2.0.1.tgz"
    },
    "underscore": {
      "version": "1.6.0",
      "from": "underscore@>=1.6.0 <1.7.0",
      "resolved": "https://registry.npmjs.org/underscore/-/underscore-1.6.0.tgz"
    }
  }
}
